
Microsoft Visual Studio Solution File, Format Version 12.00
# Visual Studio Version 17
VisualStudioVersion = 17.9.34728.123
MinimumVisualStudioVersion = 10.0.40219.1
Project("{FAE04EC0-301F-11D3-BF4B-00C04F79EFBC}") = "epc-rfid-net.Web", "epc-rfid-net.Web\epc-rfid-net.Web.csproj", "{1700C966-D614-4358-9B84-6D6ED338E5B0}"
EndProject
Project("{FAE04EC0-301F-11D3-BF4B-00C04F79EFBC}") = "epc-rfid-net.Model", "epc-rfid-net.Model\epc-rfid-net.Model.csproj", "{C1508CB7-8615-4062-882A-EAAC03E46162}"
EndProject
Global
	GlobalSection(SolutionConfigurationPlatforms) = preSolution
		Debug|Any CPU = Debug|Any CPU
		Release|Any CPU = Release|Any CPU
	EndGlobalSection
	GlobalSection(ProjectConfigurationPlatforms) = postSolution
		{1700C966-D614-4358-9B84-6D6ED338E5B0}.Debug|Any CPU.ActiveCfg = Debug|Any CPU
		{1700C966-D614-4358-9B84-6D6ED338E5B0}.Debug|Any CPU.Build.0 = Debug|Any CPU
		{1700C966-D614-4358-9B84-6D6ED338E5B0}.Release|Any CPU.ActiveCfg = Release|Any CPU
		{1700C966-D614-4358-9B84-6D6ED338E5B0}.Release|Any CPU.Build.0 = Release|Any CPU
		{C1508CB7-8615-4062-882A-EAAC03E46162}.Debug|Any CPU.ActiveCfg = Debug|Any CPU
		{C1508CB7-8615-4062-882A-EAAC03E46162}.Debug|Any CPU.Build.0 = Debug|Any CPU
		{C1508CB7-8615-4062-882A-EAAC03E46162}.Release|Any CPU.ActiveCfg = Release|Any CPU
		{C1508CB7-8615-4062-882A-EAAC03E46162}.Release|Any CPU.Build.0 = Release|Any CPU
	EndGlobalSection
	GlobalSection(SolutionProperties) = preSolution
		HideSolutionNode = FALSE
	EndGlobalSection
	GlobalSection(ExtensibilityGlobals) = postSolution
		SolutionGuid = {82A5F109-8EDA-46CC-9389-42E304B01F38}
	EndGlobalSection
EndGlobal
